PODS:
  - device_info_plus (0.0.1):
    - Flutter
  - Flutter (1.0.0)
  - image_picker_ios (0.0.1):
    - Flutter
  - share_plus (0.0.1):
    - Flutter
  - shared_preferences_foundation (0.0.1):
    - Flutter
    - FlutterMacOS
  - Stripe (25.17.0):
    - StripeApplePay (= 25.17.0)
    - StripeCore (= 25.17.0)
    - StripeIssuing (= 25.17.0)
    - StripePayments (= 25.17.0)
    - StripePaymentsUI (= 25.17.0)
    - StripeUICore (= 25.17.0)
  - stripe_ios (0.0.1):
    - Flutter
    - Stripe (~> 25.17.0)
    - stripe_ios/stripe_ios (= 0.0.1)
    - stripe_ios/stripe_objc (= 0.0.1)
    - StripeApplePay (~> 25.17.0)
    - StripeFinancialConnections (~> 25.17.0)
    - StripePayments (~> 25.17.0)
    - StripePaymentSheet (~> 25.17.0)
    - StripePaymentsUI (~> 25.17.0)
  - stripe_ios/stripe_ios (0.0.1):
    - Flutter
    - Stripe (~> 25.17.0)
    - stripe_ios/stripe_objc
    - StripeApplePay (~> 25.17.0)
    - StripeFinancialConnections (~> 25.17.0)
    - StripePayments (~> 25.17.0)
    - StripePaymentSheet (~> 25.17.0)
    - StripePaymentsUI (~> 25.17.0)
  - stripe_ios/stripe_objc (0.0.1):
    - Flutter
    - Stripe (~> 25.17.0)
    - StripeApplePay (~> 25.17.0)
    - StripeFinancialConnections (~> 25.17.0)
    - StripePayments (~> 25.17.0)
    - StripePaymentSheet (~> 25.17.0)
    - StripePaymentsUI (~> 25.17.0)
  - StripeApplePay (25.17.0):
    - StripeCore (= 25.17.0)
  - StripeCore (25.17.0)
  - StripeFinancialConnections (25.17.0):
    - StripeCore (= 25.17.0)
    - StripeUICore (= 25.17.0)
  - StripeIssuing (25.17.0):
    - StripeCore (= 25.17.0)
    - StripePayments (= 25.17.0)
    - StripePaymentsUI (= 25.17.0)
  - StripePayments (25.17.0):
    - StripeCore (= 25.17.0)
    - StripePayments/Stripe3DS2 (= 25.17.0)
  - StripePayments/Stripe3DS2 (25.17.0):
    - StripeCore (= 25.17.0)
  - StripePaymentSheet (25.17.0):
    - StripeApplePay (= 25.17.0)
    - StripeCore (= 25.17.0)
    - StripePayments (= 25.17.0)
    - StripePaymentsUI (= 25.17.0)
  - StripePaymentsUI (25.17.0):
    - StripeCore (= 25.17.0)
    - StripePayments (= 25.17.0)
    - StripeUICore (= 25.17.0)
  - StripeUICore (25.17.0):
    - StripeCore (= 25.17.0)
  - syncfusion_flutter_pdfviewer (0.0.1):
    - Flutter
  - url_launcher_ios (0.0.1):
    - Flutter

DEPENDENCIES:
  - device_info_plus (from `.symlinks/plugins/device_info_plus/ios`)
  - Flutter (from `Flutter`)
  - image_picker_ios (from `.symlinks/plugins/image_picker_ios/ios`)
  - share_plus (from `.symlinks/plugins/share_plus/ios`)
  - shared_preferences_foundation (from `.symlinks/plugins/shared_preferences_foundation/darwin`)
  - stripe_ios (from `.symlinks/plugins/stripe_ios/ios`)
  - syncfusion_flutter_pdfviewer (from `.symlinks/plugins/syncfusion_flutter_pdfviewer/ios`)
  - url_launcher_ios (from `.symlinks/plugins/url_launcher_ios/ios`)

SPEC REPOS:
  trunk:
    - Stripe
    - StripeApplePay
    - StripeCore
    - StripeFinancialConnections
    - StripeIssuing
    - StripePayments
    - StripePaymentSheet
    - StripePaymentsUI
    - StripeUICore

EXTERNAL SOURCES:
  device_info_plus:
    :path: ".symlinks/plugins/device_info_plus/ios"
  Flutter:
    :path: Flutter
  image_picker_ios:
    :path: ".symlinks/plugins/image_picker_ios/ios"
  share_plus:
    :path: ".symlinks/plugins/share_plus/ios"
  shared_preferences_foundation:
    :path: ".symlinks/plugins/shared_preferences_foundation/darwin"
  stripe_ios:
    :path: ".symlinks/plugins/stripe_ios/ios"
  syncfusion_flutter_pdfviewer:
    :path: ".symlinks/plugins/syncfusion_flutter_pdfviewer/ios"
  url_launcher_ios:
    :path: ".symlinks/plugins/url_launcher_ios/ios"

SPEC CHECKSUMS:
  device_info_plus: 21fcca2080fbcd348be798aa36c3e5ed849eefbe
  Flutter: 71a624a5bc0c04062bf19101d501e466baf2fb47
  image_picker_ios: e0ece4aa2a75771a7de3fa735d26d90817041326
  share_plus: 50da8cb520a8f0f65671c6c6a99b3617ed10a58a
  shared_preferences_foundation: 7036424c3d8ec98dfe75ff1667cb0cd531ec82bb
  Stripe: da4f210385ff97d786968eb751d5c0d5c47ba539
  stripe_ios: 4cc4ead50c59fe63e0ef7507c3a3bae056f88abb
  StripeApplePay: 7b1b6e86eb75be5d4bcf109c34224adf38000fe2
  StripeCore: 60849de0ae448eb9a7ed4ee8208acce78832b255
  StripeFinancialConnections: 280e67822cea7a8f89fb4fa97e6e7fb7293cff27
  StripeIssuing: 7ece6d6d59ddb8636de386257175e71ced6966ad
  StripePayments: befce228ec3545503c6ac54603b7e5a7cdb01a06
  StripePaymentSheet: 11fe4afb439379bf905a09d99d99b80a6fac5cf1
  StripePaymentsUI: c0e4426ec5aeaaedf3e4f32d30b77c4ef6e3dafa
  StripeUICore: 124b860ab571114c2dec947d7b66a11e0d3238b6
  syncfusion_flutter_pdfviewer: 90dc48305d2e33d4aa20681d1e98ddeda891bc14
  url_launcher_ios: 7a95fa5b60cc718a708b8f2966718e93db0cef1b

PODFILE CHECKSUM: af94c4e2b5f8ab22f5e246162b903d4d267cd82b

COCOAPODS: 1.17.0
